
Microsoft Visual Studio Solution File, Format Version 12.00
Project("{FAE04EC0-301F-11D3-BF4B-00C04F79EFBC}") = "WebApp", "WebApp\WebApp.csproj", "{0A252EC5-200C-43E2-B87F-628AAAF2458F}"
EndProject
Project("{2150E333-8FDC-42A3-9474-1A3956D46DE8}") = "DAL", "DAL", "{A54B15B2-A500-40B3-B91F-FFD224863A8D}"
EndProject
Project("{2150E333-8FDC-42A3-9474-1A3956D46DE8}") = "BL", "BL", "{84F372F1-0573-475C-863E-5C63C8A36ED9}"
EndProject
Project("{2150E333-8FDC-42A3-9474-1A3956D46DE8}") = "API", "API", "{B5C6C475-FC12-4BD6-B3AB-38561C41B120}"
EndProject
Project("{FAE04EC0-301F-11D3-BF4B-00C04F79EFBC}") = "Business.Interfaces", "Business.Interfaces\Business.Interfaces.csproj", "{5EE8DE38-6CED-48AE-8879-8FF71D42B629}"
EndProject
Project("{FAE04EC0-301F-11D3-BF4B-00C04F79EFBC}") = "Business.Contracts", "Business.Contracts\Business.Contracts.csproj", "{E685C3B3-B29D-47A9-9F19-C7F1B62504F9}"
EndProject
Project("{FAE04EC0-301F-11D3-BF4B-00C04F79EFBC}") = "Business.Services", "Business.Services\Business.Services.csproj", "{15A5EB1B-B745-4B41-BDB5-1056019AAA8B}"
EndProject
Project("{FAE04EC0-301F-11D3-BF4B-00C04F79EFBC}") = "DataAccess.Interfaces", "DataAccess.Interfaces\DataAccess.Interfaces.csproj", "{EF21FE3D-526A-4330-8CA7-089C4CFC07CD}"
EndProject
Project("{FAE04EC0-301F-11D3-BF4B-00C04F79EFBC}") = "DataAccess.EntityContexts", "DataAccess.EntityContexts\DataAccess.EntityContexts.csproj", "{0F1C0311-3678-41C0-A029-4DAD412157CA}"
EndProject
Project("{FAE04EC0-301F-11D3-BF4B-00C04F79EFBC}") = "DataAccess.Models", "DataAccess.Models\DataAccess.Models.csproj", "{49251DED-6B0A-462E-8E8F-EB56175F7184}"
EndProject
Project("{FAE04EC0-301F-11D3-BF4B-00C04F79EFBC}") = "DataAccess.Configurations", "DataAccess.Configurations\DataAccess.Configurations.csproj", "{93EDA570-4752-4B61-A22B-960916853D3F}"
EndProject
Project("{FAE04EC0-301F-11D3-BF4B-00C04F79EFBC}") = "Testing", "Testing\Testing.csproj", "{7C09B42E-4F4F-4E6F-923D-12B9D8ECB965}"
EndProject
Project("{FAE04EC0-301F-11D3-BF4B-00C04F79EFBC}") = "DataAccess.Repositories", "DataAccess.Repositories\DataAccess.Repositories.csproj", "{53491495-12A1-4C6F-BBA7-E8A9894E56B2}"
EndProject
Project("{FAE04EC0-301F-11D3-BF4B-00C04F79EFBC}") = "DataAccess.ContextSetup", "DataAccess.ContextSetup\DataAccess.ContextSetup.csproj", "{095B18D6-DA84-4F1D-8064-C927780D446A}"
EndProject
Project("{FAE04EC0-301F-11D3-BF4B-00C04F79EFBC}") = "Business.Mapping", "Business.Mapping\Business.Mapping.csproj", "{89ECACB4-1A22-4B4D-AED2-704B41AC2C3B}"
EndProject
Global
	GlobalSection(SolutionConfigurationPlatforms) = preSolution
		Debug|Any CPU = Debug|Any CPU
		Release|Any CPU = Release|Any CPU
	EndGlobalSection
	GlobalSection(ProjectConfigurationPlatforms) = postSolution
		{0A252EC5-200C-43E2-B87F-628AAAF2458F}.Debug|Any CPU.ActiveCfg = Debug|Any CPU
		{0A252EC5-200C-43E2-B87F-628AAAF2458F}.Debug|Any CPU.Build.0 = Debug|Any CPU
		{0A252EC5-200C-43E2-B87F-628AAAF2458F}.Release|Any CPU.ActiveCfg = Release|Any CPU
		{0A252EC5-200C-43E2-B87F-628AAAF2458F}.Release|Any CPU.Build.0 = Release|Any CPU
		{5EE8DE38-6CED-48AE-8879-8FF71D42B629}.Debug|Any CPU.ActiveCfg = Debug|Any CPU
		{5EE8DE38-6CED-48AE-8879-8FF71D42B629}.Debug|Any CPU.Build.0 = Debug|Any CPU
		{5EE8DE38-6CED-48AE-8879-8FF71D42B629}.Release|Any CPU.ActiveCfg = Release|Any CPU
		{5EE8DE38-6CED-48AE-8879-8FF71D42B629}.Release|Any CPU.Build.0 = Release|Any CPU
		{E685C3B3-B29D-47A9-9F19-C7F1B62504F9}.Debug|Any CPU.ActiveCfg = Debug|Any CPU
		{E685C3B3-B29D-47A9-9F19-C7F1B62504F9}.Debug|Any CPU.Build.0 = Debug|Any CPU
		{E685C3B3-B29D-47A9-9F19-C7F1B62504F9}.Release|Any CPU.ActiveCfg = Release|Any CPU
		{E685C3B3-B29D-47A9-9F19-C7F1B62504F9}.Release|Any CPU.Build.0 = Release|Any CPU
		{15A5EB1B-B745-4B41-BDB5-1056019AAA8B}.Debug|Any CPU.ActiveCfg = Debug|Any CPU
		{15A5EB1B-B745-4B41-BDB5-1056019AAA8B}.Debug|Any CPU.Build.0 = Debug|Any CPU
		{15A5EB1B-B745-4B41-BDB5-1056019AAA8B}.Release|Any CPU.ActiveCfg = Release|Any CPU
		{15A5EB1B-B745-4B41-BDB5-1056019AAA8B}.Release|Any CPU.Build.0 = Release|Any CPU
		{EF21FE3D-526A-4330-8CA7-089C4CFC07CD}.Debug|Any CPU.ActiveCfg = Debug|Any CPU
		{EF21FE3D-526A-4330-8CA7-089C4CFC07CD}.Debug|Any CPU.Build.0 = Debug|Any CPU
		{EF21FE3D-526A-4330-8CA7-089C4CFC07CD}.Release|Any CPU.ActiveCfg = Release|Any CPU
		{EF21FE3D-526A-4330-8CA7-089C4CFC07CD}.Release|Any CPU.Build.0 = Release|Any CPU
		{0F1C0311-3678-41C0-A029-4DAD412157CA}.Debug|Any CPU.ActiveCfg = Debug|Any CPU
		{0F1C0311-3678-41C0-A029-4DAD412157CA}.Debug|Any CPU.Build.0 = Debug|Any CPU
		{0F1C0311-3678-41C0-A029-4DAD412157CA}.Release|Any CPU.ActiveCfg = Release|Any CPU
		{0F1C0311-3678-41C0-A029-4DAD412157CA}.Release|Any CPU.Build.0 = Release|Any CPU
		{49251DED-6B0A-462E-8E8F-EB56175F7184}.Debug|Any CPU.ActiveCfg = Debug|Any CPU
		{49251DED-6B0A-462E-8E8F-EB56175F7184}.Debug|Any CPU.Build.0 = Debug|Any CPU
		{49251DED-6B0A-462E-8E8F-EB56175F7184}.Release|Any CPU.ActiveCfg = Release|Any CPU
		{49251DED-6B0A-462E-8E8F-EB56175F7184}.Release|Any CPU.Build.0 = Release|Any CPU
		{93EDA570-4752-4B61-A22B-960916853D3F}.Debug|Any CPU.ActiveCfg = Debug|Any CPU
		{93EDA570-4752-4B61-A22B-960916853D3F}.Debug|Any CPU.Build.0 = Debug|Any CPU
		{93EDA570-4752-4B61-A22B-960916853D3F}.Release|Any CPU.ActiveCfg = Release|Any CPU
		{93EDA570-4752-4B61-A22B-960916853D3F}.Release|Any CPU.Build.0 = Release|Any CPU
		{7C09B42E-4F4F-4E6F-923D-12B9D8ECB965}.Debug|Any CPU.ActiveCfg = Debug|Any CPU
		{7C09B42E-4F4F-4E6F-923D-12B9D8ECB965}.Debug|Any CPU.Build.0 = Debug|Any CPU
		{7C09B42E-4F4F-4E6F-923D-12B9D8ECB965}.Release|Any CPU.ActiveCfg = Release|Any CPU
		{7C09B42E-4F4F-4E6F-923D-12B9D8ECB965}.Release|Any CPU.Build.0 = Release|Any CPU
		{53491495-12A1-4C6F-BBA7-E8A9894E56B2}.Debug|Any CPU.ActiveCfg = Debug|Any CPU
		{53491495-12A1-4C6F-BBA7-E8A9894E56B2}.Debug|Any CPU.Build.0 = Debug|Any CPU
		{53491495-12A1-4C6F-BBA7-E8A9894E56B2}.Release|Any CPU.ActiveCfg = Release|Any CPU
		{53491495-12A1-4C6F-BBA7-E8A9894E56B2}.Release|Any CPU.Build.0 = Release|Any CPU
		{095B18D6-DA84-4F1D-8064-C927780D446A}.Debug|Any CPU.ActiveCfg = Debug|Any CPU
		{095B18D6-DA84-4F1D-8064-C927780D446A}.Debug|Any CPU.Build.0 = Debug|Any CPU
		{095B18D6-DA84-4F1D-8064-C927780D446A}.Release|Any CPU.ActiveCfg = Release|Any CPU
		{095B18D6-DA84-4F1D-8064-C927780D446A}.Release|Any CPU.Build.0 = Release|Any CPU
		{89ECACB4-1A22-4B4D-AED2-704B41AC2C3B}.Debug|Any CPU.ActiveCfg = Debug|Any CPU
		{89ECACB4-1A22-4B4D-AED2-704B41AC2C3B}.Debug|Any CPU.Build.0 = Debug|Any CPU
		{89ECACB4-1A22-4B4D-AED2-704B41AC2C3B}.Release|Any CPU.ActiveCfg = Release|Any CPU
		{89ECACB4-1A22-4B4D-AED2-704B41AC2C3B}.Release|Any CPU.Build.0 = Release|Any CPU
	EndGlobalSection
	GlobalSection(NestedProjects) = preSolution
		{0A252EC5-200C-43E2-B87F-628AAAF2458F} = {B5C6C475-FC12-4BD6-B3AB-38561C41B120}
		{5EE8DE38-6CED-48AE-8879-8FF71D42B629} = {84F372F1-0573-475C-863E-5C63C8A36ED9}
		{E685C3B3-B29D-47A9-9F19-C7F1B62504F9} = {84F372F1-0573-475C-863E-5C63C8A36ED9}
		{15A5EB1B-B745-4B41-BDB5-1056019AAA8B} = {84F372F1-0573-475C-863E-5C63C8A36ED9}
		{EF21FE3D-526A-4330-8CA7-089C4CFC07CD} = {A54B15B2-A500-40B3-B91F-FFD224863A8D}
		{0F1C0311-3678-41C0-A029-4DAD412157CA} = {A54B15B2-A500-40B3-B91F-FFD224863A8D}
		{49251DED-6B0A-462E-8E8F-EB56175F7184} = {A54B15B2-A500-40B3-B91F-FFD224863A8D}
		{93EDA570-4752-4B61-A22B-960916853D3F} = {A54B15B2-A500-40B3-B91F-FFD224863A8D}
		{53491495-12A1-4C6F-BBA7-E8A9894E56B2} = {A54B15B2-A500-40B3-B91F-FFD224863A8D}
		{095B18D6-DA84-4F1D-8064-C927780D446A} = {A54B15B2-A500-40B3-B91F-FFD224863A8D}
		{89ECACB4-1A22-4B4D-AED2-704B41AC2C3B} = {84F372F1-0573-475C-863E-5C63C8A36ED9}
	EndGlobalSection
EndGlobal
